
Microsoft Visual Studio Solution File, Format Version 12.00
# Visual Studio Version 17
VisualStudioVersion = 17.3.32922.545
MinimumVisualStudioVersion = 10.0.40219.1
Project("{FAE04EC0-301F-11D3-BF4B-00C04F79EFBC}") = "Vending Machine", "Vending Machine\Vending Machine.csproj", "{7B45EA93-4FEE-40DF-83BD-8B89600EA715}"
EndProject
Global
	GlobalSection(SolutionConfigurationPlatforms) = preSolution
		Debug|Any CPU = Debug|Any CPU
		Release|Any CPU = Release|Any CPU
	EndGlobalSection
	GlobalSection(ProjectConfigurationPlatforms) = postSolution
		{7B45EA93-4FEE-40DF-83BD-8B89600EA715}.Debug|Any CPU.ActiveCfg = Debug|Any CPU
		{7B45EA93-4FEE-40DF-83BD-8B89600EA715}.Debug|Any CPU.Build.0 = Debug|Any CPU
		{7B45EA93-4FEE-40DF-83BD-8B89600EA715}.Release|Any CPU.ActiveCfg = Release|Any CPU
		{7B45EA93-4FEE-40DF-83BD-8B89600EA715}.Release|Any CPU.Build.0 = Release|Any CPU
	EndGlobalSection
	GlobalSection(SolutionProperties) = preSolution
		HideSolutionNode = FALSE
	EndGlobalSection
	GlobalSection(ExtensibilityGlobals) = postSolution
		SolutionGuid = {B98EA593-758A-42CE-A064-24EF7A43ED68}
	EndGlobalSection
EndGlobal
